
Microsoft Visual Studio Solution File, Format Version 12.00
# Visual Studio Version 16
VisualStudioVersion = 16.0.30011.22
MinimumVisualStudioVersion = 10.0.40219.1
Project("{9A19103F-16F7-4668-BE54-9A1E7A4F7556}") = "Account.Data", "AccountService.Data\Account.Data.csproj", "{9D043B55-B2C3-4034-B2E4-27574EFA6CD8}"
EndProject
Project("{2150E333-8FDC-42A3-9474-1A3956D46DE8}") = "Account", "Account", "{55FE294E-09F0-4BCF-B413-B6C7FE0D1F1B}"
EndProject
Project("{9A19103F-16F7-4668-BE54-9A1E7A4F7556}") = "Account.Service", "Account.Service\Account.Service.csproj", "{9A5AA47D-94D7-4A7D-A1A6-6303E669FD23}"
EndProject
Project("{9A19103F-16F7-4668-BE54-9A1E7A4F7556}") = "Account.WebApi", "Account.Api\Account.WebApi.csproj", "{83674163-DAE0-4D7C-8D2B-8DDB9EF4FE69}"
EndProject
Global
	GlobalSection(SolutionConfigurationPlatforms) = preSolution
		Debug|Any CPU = Debug|Any CPU
		Release|Any CPU = Release|Any CPU
	EndGlobalSection
	GlobalSection(ProjectConfigurationPlatforms) = postSolution
		{9D043B55-B2C3-4034-B2E4-27574EFA6CD8}.Debug|Any CPU.ActiveCfg = Debug|Any CPU
		{9D043B55-B2C3-4034-B2E4-27574EFA6CD8}.Debug|Any CPU.Build.0 = Debug|Any CPU
		{9D043B55-B2C3-4034-B2E4-27574EFA6CD8}.Release|Any CPU.ActiveCfg = Release|Any CPU
		{9D043B55-B2C3-4034-B2E4-27574EFA6CD8}.Release|Any CPU.Build.0 = Release|Any CPU
		{9A5AA47D-94D7-4A7D-A1A6-6303E669FD23}.Debug|Any CPU.ActiveCfg = Debug|Any CPU
		{9A5AA47D-94D7-4A7D-A1A6-6303E669FD23}.Debug|Any CPU.Build.0 = Debug|Any CPU
		{9A5AA47D-94D7-4A7D-A1A6-6303E669FD23}.Release|Any CPU.ActiveCfg = Release|Any CPU
		{9A5AA47D-94D7-4A7D-A1A6-6303E669FD23}.Release|Any CPU.Build.0 = Release|Any CPU
		{83674163-DAE0-4D7C-8D2B-8DDB9EF4FE69}.Debug|Any CPU.ActiveCfg = Debug|Any CPU
		{83674163-DAE0-4D7C-8D2B-8DDB9EF4FE69}.Debug|Any CPU.Build.0 = Debug|Any CPU
		{83674163-DAE0-4D7C-8D2B-8DDB9EF4FE69}.Release|Any CPU.ActiveCfg = Release|Any CPU
		{83674163-DAE0-4D7C-8D2B-8DDB9EF4FE69}.Release|Any CPU.Build.0 = Release|Any CPU
	EndGlobalSection
	GlobalSection(SolutionProperties) = preSolution
		HideSolutionNode = FALSE
	EndGlobalSection
	GlobalSection(NestedProjects) = preSolution
		{9D043B55-B2C3-4034-B2E4-27574EFA6CD8} = {55FE294E-09F0-4BCF-B413-B6C7FE0D1F1B}
		{9A5AA47D-94D7-4A7D-A1A6-6303E669FD23} = {55FE294E-09F0-4BCF-B413-B6C7FE0D1F1B}
		{83674163-DAE0-4D7C-8D2B-8DDB9EF4FE69} = {55FE294E-09F0-4BCF-B413-B6C7FE0D1F1B}
	EndGlobalSection
	GlobalSection(ExtensibilityGlobals) = postSolution
		SolutionGuid = {0D7C2BA8-0FCD-4C6C-9EE0-C861D2231118}
	EndGlobalSection
EndGlobal
